// !$*UTF8*$!
{
	archiveVersion = 1;
	classes = {
	};
	objectVersion = 56;
	objects = {

/* Begin PBXBuildFile section */
		9E6955D629D61C9000F71AF7 /* MenuView.swift in Sources */ = {isa = PBXBuildFile; fileRef = 9E6955D529D61C9000F71AF7 /* MenuView.swift */; };
		9E6955D829D6248500F71AF7 /* Styles.swift in Sources */ = {isa = PBXBuildFile; fileRef = 9E6955D729D6248500F71AF7 /* Styles.swift */; };
		9E6955DA29D638F700F71AF7 /* LoginViewModel.swift in Sources */ = {isa = PBXBuildFile; fileRef = 9E6955D929D638F700F71AF7 /* LoginViewModel.swift */; };
		9E9219CA29D5EAD600CA7857 /* MenuTab.swift in Sources */ = {isa = PBXBuildFile; fileRef = 9E9219C929D5EAD600CA7857 /* MenuTab.swift */; };
		9E9219CC29D5EB0400CA7857 /* MenuData.swift in Sources */ = {isa = PBXBuildFile; fileRef = 9E9219CB29D5EB0400CA7857 /* MenuData.swift */; };
		9ECA2C0A29D071E200B698D9 /* LittleLemonApp.swift in Sources */ = {isa = PBXBuildFile; fileRef = 9ECA2C0929D071E200B698D9 /* LittleLemonApp.swift */; };
		9ECA2C0C29D071E200B698D9 /* ContentView.swift in Sources */ = {isa = PBXBuildFile; fileRef = 9ECA2C0B29D071E200B698D9 /* ContentView.swift */; };
		9ECA2C0E29D071E400B698D9 /* Assets.xcassets in Resources */ = {isa = PBXBuildFile; fileRef = 9ECA2C0D29D071E400B698D9 /* Assets.xcassets */; };
		9ECA2C1129D071E400B698D9 /* Preview Assets.xcassets in Resources */ = {isa = PBXBuildFile; fileRef = 9ECA2C1029D071E400B698D9 /* Preview Assets.xcassets */; };
		9ECA2C1329D071E400B698D9 /* Persistence.swift in Sources */ = {isa = PBXBuildFile; fileRef = 9ECA2C1229D071E400B698D9 /* Persistence.swift */; };
		9ECA2C1629D071E400B698D9 /* LittleLemon.xcdatamodeld in Sources */ = {isa = PBXBuildFile; fileRef = 9ECA2C1429D071E400B698D9 /* LittleLemon.xcdatamodeld */; };
		9ECA2C2029D071E500B698D9 /* LittleLemonTests.swift in Sources */ = {isa = PBXBuildFile; fileRef = 9ECA2C1F29D071E500B698D9 /* LittleLemonTests.swift */; };
		9ECA2C2A29D071E500B698D9 /* LittleLemonUITests.swift in Sources */ = {isa = PBXBuildFile; fileRef = 9ECA2C2929D071E500B698D9 /* LittleLemonUITests.swift */; };
		9ECA2C2C29D071E500B698D9 /* LittleLemonUITestsLaunchTests.swift in Sources */ = {isa = PBXBuildFile; fileRef = 9ECA2C2B29D071E500B698D9 /* LittleLemonUITestsLaunchTests.swift */; };
		9ECFACE029D0DAB900EAB70A /* RegistrationView.swift in Sources */ = {isa = PBXBuildFile; fileRef = 9ECFACDF29D0DAB900EAB70A /* RegistrationView.swift */; };
		9ECFACE929D10FB600EAB70A /* HomeView.swift in Sources */ = {isa = PBXBuildFile; fileRef = 9ECFACE829D10FB600EAB70A /* HomeView.swift */; };
		9ECFACED29D12F8E00EAB70A /* ProfileTab.swift in Sources */ = {isa = PBXBuildFile; fileRef = 9ECFACEC29D12F8E00EAB70A /* ProfileTab.swift */; };
/* End PBXBuildFile section */

/* Begin PBXContainerItemProxy section */
		9ECA2C1C29D071E500B698D9 /* PBXContainerItemProxy */ = {
			isa = PBXContainerItemProxy;
			containerPortal = 9ECA2BFE29D071E200B698D9 /* Project object */;
			proxyType = 1;
			remoteGlobalIDString = 9ECA2C0529D071E200B698D9;
			remoteInfo = LittleLemon;
		};
		9ECA2C2629D071E500B698D9 /* PBXContainerItemProxy */ = {
			isa = PBXContainerItemProxy;
			containerPortal = 9ECA2BFE29D071E200B698D9 /* Project object */;
			proxyType = 1;
			remoteGlobalIDString = 9ECA2C0529D071E200B698D9;
			remoteInfo = LittleLemon;
		};
/* End PBXContainerItemProxy section */

/* Begin PBXFileReference section */
		9E6955D529D61C9000F71AF7 /* MenuView.swift */ = {isa = PBXFileReference; lastKnownFileType = sourcecode.swift; path = MenuView.swift; sourceTree = "<group>"; };
		9E6955D729D6248500F71AF7 /* Styles.swift */ = {isa = PBXFileReference; lastKnownFileType = sourcecode.swift; path = Styles.swift; sourceTree = "<group>"; };
		9E6955D929D638F700F71AF7 /* LoginViewModel.swift */ = {isa = PBXFileReference; lastKnownFileType = sourcecode.swift; path = LoginViewModel.swift; sourceTree = "<group>"; };
		9E9219C929D5EAD600CA7857 /* MenuTab.swift */ = {isa = PBXFileReference; lastKnownFileType = sourcecode.swift; path = MenuTab.swift; sourceTree = "<group>"; };
		9E9219CB29D5EB0400CA7857 /* MenuData.swift */ = {isa = PBXFileReference; lastKnownFileType = sourcecode.swift; path = MenuData.swift; sourceTree = "<group>"; };
		9ECA2C0629D071E200B698D9 /* LittleLemon.app */ = {isa = PBXFileReference; explicitFileType = wrapper.application; includeInIndex = 0; path = LittleLemon.app; sourceTree = BUILT_PRODUCTS_DIR; };
		9ECA2C0929D071E200B698D9 /* LittleLemonApp.swift */ = {isa = PBXFileReference; lastKnownFileType = sourcecode.swift; path = LittleLemonApp.swift; sourceTree = "<group>"; };
		9ECA2C0B29D071E200B698D9 /* ContentView.swift */ = {isa = PBXFileReference; lastKnownFileType = sourcecode.swift; path = ContentView.swift; sourceTree = "<group>"; };
		9ECA2C0D29D071E400B698D9 /* Assets.xcassets */ = {isa = PBXFileReference; lastKnownFileType = folder.assetcatalog; path = Assets.xcassets; sourceTree = "<group>"; };
		9ECA2C1029D071E400B698D9 /* Preview Assets.xcassets */ = {isa = PBXFileReference; lastKnownFileType = folder.assetcatalog; path = "Preview Assets.xcassets"; sourceTree = "<group>"; };
		9ECA2C1229D071E400B698D9 /* Persistence.swift */ = {isa = PBXFileReference; lastKnownFileType = sourcecode.swift; path = Persistence.swift; sourceTree = "<group>"; };
		9ECA2C1529D071E400B698D9 /* LittleLemon.xcdatamodel */ = {isa = PBXFileReference; lastKnownFileType = wrapper.xcdatamodel; path = LittleLemon.xcdatamodel; sourceTree = "<group>"; };
		9ECA2C1B29D071E500B698D9 /* LittleLemonTests.xctest */ = {isa = PBXFileReference; explicitFileType = wrapper.cfbundle; includeInIndex = 0; path = LittleLemonTests.xctest; sourceTree = BUILT_PRODUCTS_DIR; };
		9ECA2C1F29D071E500B698D9 /* LittleLemonTests.swift */ = {isa = PBXFileReference; lastKnownFileType = sourcecode.swift; path = LittleLemonTests.swift; sourceTree = "<group>"; };
		9ECA2C2529D071E500B698D9 /* LittleLemonUITests.xctest */ = {isa = PBXFileReference; explicitFileType = wrapper.cfbundle; includeInIndex = 0; path = LittleLemonUITests.xctest; sourceTree = BUILT_PRODUCTS_DIR; };
		9ECA2C2929D071E500B698D9 /* LittleLemonUITests.swift */ = {isa = PBXFileReference; lastKnownFileType = sourcecode.swift; path = LittleLemonUITests.swift; sourceTree = "<group>"; };
		9ECA2C2B29D071E500B698D9 /* LittleLemonUITestsLaunchTests.swift */ = {isa = PBXFileReference; lastKnownFileType = sourcecode.swift; path = LittleLemonUITestsLaunchTests.swift; sourceTree = "<group>"; };
		9ECFACDF29D0DAB900EAB70A /* RegistrationView.swift */ = {isa = PBXFileReference; lastKnownFileType = sourcecode.swift; path = RegistrationView.swift; sourceTree = "<group>"; };
		9ECFACE829D10FB600EAB70A /* HomeView.swift */ = {isa = PBXFileReference; lastKnownFileType = sourcecode.swift; path = HomeView.swift; sourceTree = "<group>"; };
		9ECFACEC29D12F8E00EAB70A /* ProfileTab.swift */ = {isa = PBXFileReference; lastKnownFileType = sourcecode.swift; path = ProfileTab.swift; sourceTree = "<group>"; };
/* End PBXFileReference section */

/* Begin PBXFrameworksBuildPhase section */
		9ECA2C0329D071E200B698D9 /* Frameworks */ = {
			isa = PBXFrameworksBuildPhase;
			buildActionMask = 2147483647;
			files = (
			);
			runOnlyForDeploymentPostprocessing = 0;
		};
		9ECA2C1829D071E500B698D9 /* Frameworks */ = {
			isa = PBXFrameworksBuildPhase;
			buildActionMask = 2147483647;
			files = (
			);
			runOnlyForDeploymentPostprocessing = 0;
		};
		9ECA2C2229D071E500B698D9 /* Frameworks */ = {
			isa = PBXFrameworksBuildPhase;
			buildActionMask = 2147483647;
			files = (
			);
			runOnlyForDeploymentPostprocessing = 0;
		};
/* End PBXFrameworksBuildPhase section */

/* Begin PBXGroup section */
		9E9219C829D5EABD00CA7857 /* Menu */ = {
			isa = PBXGroup;
			children = (
				9E9219C929D5EAD600CA7857 /* MenuTab.swift */,
				9E9219CB29D5EB0400CA7857 /* MenuData.swift */,
				9E6955D529D61C9000F71AF7 /* MenuView.swift */,
			);
			path = Menu;
			sourceTree = "<group>";
		};
		9ECA2BFD29D071E200B698D9 = {
			isa = PBXGroup;
			children = (
				9ECA2C0829D071E200B698D9 /* LittleLemon */,
				9ECA2C1E29D071E500B698D9 /* LittleLemonTests */,
				9ECA2C2829D071E500B698D9 /* LittleLemonUITests */,
				9ECA2C0729D071E200B698D9 /* Products */,
			);
			sourceTree = "<group>";
		};
		9ECA2C0729D071E200B698D9 /* Products */ = {
			isa = PBXGroup;
			children = (
				9ECA2C0629D071E200B698D9 /* LittleLemon.app */,
				9ECA2C1B29D071E500B698D9 /* LittleLemonTests.xctest */,
				9ECA2C2529D071E500B698D9 /* LittleLemonUITests.xctest */,
			);
			name = Products;
			sourceTree = "<group>";
		};
		9ECA2C0829D071E200B698D9 /* LittleLemon */ = {
			isa = PBXGroup;
			children = (
				9ECFACE729D10FAA00EAB70A /* Views */,
				9ECA2C0929D071E200B698D9 /* LittleLemonApp.swift */,
				9ECA2C0B29D071E200B698D9 /* ContentView.swift */,
				9E6955D929D638F700F71AF7 /* LoginViewModel.swift */,
				9E6955D729D6248500F71AF7 /* Styles.swift */,
				9ECA2C0D29D071E400B698D9 /* Assets.xcassets */,
				9ECA2C1229D071E400B698D9 /* Persistence.swift */,
				9ECA2C1429D071E400B698D9 /* LittleLemon.xcdatamodeld */,
				9ECA2C0F29D071E400B698D9 /* Preview Content */,
			);
			path = LittleLemon;
			sourceTree = "<group>";
		};
		9ECA2C0F29D071E400B698D9 /* Preview Content */ = {
			isa = PBXGroup;
			children = (
				9ECA2C1029D071E400B698D9 /* Preview Assets.xcassets */,
			);
			path = "Preview Content";
			sourceTree = "<group>";
		};
		9ECA2C1E29D071E500B698D9 /* LittleLemonTests */ = {
			isa = PBXGroup;
			children = (
				9ECA2C1F29D071E500B698D9 /* LittleLemonTests.swift */,
			);
			path = LittleLemonTests;
			sourceTree = "<group>";
		};
		9ECA2C2829D071E500B698D9 /* LittleLemonUITests */ = {
			isa = PBXGroup;
			children = (
				9ECA2C2929D071E500B698D9 /* LittleLemonUITests.swift */,
				9ECA2C2B29D071E500B698D9 /* LittleLemonUITestsLaunchTests.swift */,
			);
			path = LittleLemonUITests;
			sourceTree = "<group>";
		};
		9ECFACE729D10FAA00EAB70A /* Views */ = {
			isa = PBXGroup;
			children = (
				9ECFACDF29D0DAB900EAB70A /* RegistrationView.swift */,
				9ECFACE829D10FB600EAB70A /* HomeView.swift */,
				9ECFACEC29D12F8E00EAB70A /* ProfileTab.swift */,
				9E9219C829D5EABD00CA7857 /* Menu */,
			);
			path = Views;
			sourceTree = "<group>";
		};
/* End PBXGroup section */

/* Begin PBXNativeTarget section */
		9ECA2C0529D071E200B698D9 /* LittleLemon */ = {
			isa = PBXNativeTarget;
			buildConfigurationList = 9ECA2C2F29D071E500B698D9 /* Build configuration list for PBXNativeTarget "LittleLemon" */;
			buildPhases = (
				9ECA2C0229D071E200B698D9 /* Sources */,
				9ECA2C0329D071E200B698D9 /* Frameworks */,
				9ECA2C0429D071E200B698D9 /* Resources */,
			);
			buildRules = (
			);
			dependencies = (
			);
			name = LittleLemon;
			productName = LittleLemon;
			productReference = 9ECA2C0629D071E200B698D9 /* LittleLemon.app */;
			productType = "com.apple.product-type.application";
		};
		9ECA2C1A29D071E500B698D9 /* LittleLemonTests */ = {
			isa = PBXNativeTarget;
			buildConfigurationList = 9ECA2C3229D071E500B698D9 /* Build configuration list for PBXNativeTarget "LittleLemonTests" */;
			buildPhases = (
				9ECA2C1729D071E500B698D9 /* Sources */,
				9ECA2C1829D071E500B698D9 /* Frameworks */,
				9ECA2C1929D071E500B698D9 /* Resources */,
			);
			buildRules = (
			);
			dependencies = (
				9ECA2C1D29D071E500B698D9 /* PBXTargetDependency */,
			);
			name = LittleLemonTests;
			productName = LittleLemonTests;
			productReference = 9ECA2C1B29D071E500B698D9 /* LittleLemonTests.xctest */;
			productType = "com.apple.product-type.bundle.unit-test";
		};
		9ECA2C2429D071E500B698D9 /* LittleLemonUITests */ = {
			isa = PBXNativeTarget;
			buildConfigurationList = 9ECA2C3529D071E500B698D9 /* Build configuration list for PBXNativeTarget "LittleLemonUITests" */;
			buildPhases = (
				9ECA2C2129D071E500B698D9 /* Sources */,
				9ECA2C2229D071E500B698D9 /* Frameworks */,
				9ECA2C2329D071E500B698D9 /* Resources */,
			);
			buildRules = (
			);
			dependencies = (
				9ECA2C2729D071E500B698D9 /* PBXTargetDependency */,
			);
			name = LittleLemonUITests;
			productName = LittleLemonUITests;
			productReference = 9ECA2C2529D071E500B698D9 /* LittleLemonUITests.xctest */;
			productType = "com.apple.product-type.bundle.ui-testing";
		};
/* End PBXNativeTarget section */

/* Begin PBXProject section */
		9ECA2BFE29D071E200B698D9 /* Project object */ = {
			isa = PBXProject;
			attributes = {
				BuildIndependentTargetsInParallel = 1;
				LastSwiftUpdateCheck = 1420;
				LastUpgradeCheck = 1420;
				TargetAttributes = {
					9ECA2C0529D071E200B698D9 = {
						CreatedOnToolsVersion = 14.2;
					};
					9ECA2C1A29D071E500B698D9 = {
						CreatedOnToolsVersion = 14.2;
						TestTargetID = 9ECA2C0529D071E200B698D9;
					};
					9ECA2C2429D071E500B698D9 = {
						CreatedOnToolsVersion = 14.2;
						TestTargetID = 9ECA2C0529D071E200B698D9;
					};
				};
			};
			buildConfigurationList = 9ECA2C0129D071E200B698D9 /* Build configuration list for PBXProject "LittleLemon" */;
			compatibilityVersion = "Xcode 14.0";
			developmentRegion = en;
			hasScannedForEncodings = 0;
			knownRegions = (
				en,
				Base,
			);
			mainGroup = 9ECA2BFD29D071E200B698D9;
			productRefGroup = 9ECA2C0729D071E200B698D9 /* Products */;
			projectDirPath = "";
			projectRoot = "";
			targets = (
				9ECA2C0529D071E200B698D9 /* LittleLemon */,
				9ECA2C1A29D071E500B698D9 /* LittleLemonTests */,
				9ECA2C2429D071E500B698D9 /* LittleLemonUITests */,
			);
		};
/* End PBXProject section */

/* Begin PBXResourcesBuildPhase section */
		9ECA2C0429D071E200B698D9 /* Resources */ = {
			isa = PBXResourcesBuildPhase;
			buildActionMask = 2147483647;
			files = (
				9ECA2C1129D071E400B698D9 /* Preview Assets.xcassets in Resources */,
				9ECA2C0E29D071E400B698D9 /* Assets.xcassets in Resources */,
			);
			runOnlyForDeploymentPostprocessing = 0;
		};
		9ECA2C1929D071E500B698D9 /* Resources */ = {
			isa = PBXResourcesBuildPhase;
			buildActionMask = 2147483647;
			files = (
			);
			runOnlyForDeploymentPostprocessing = 0;
		};
		9ECA2C2329D071E500B698D9 /* Resources */ = {
			isa = PBXResourcesBuildPhase;
			buildActionMask = 2147483647;
			files = (
			);
			runOnlyForDeploymentPostprocessing = 0;
		};
/* End PBXResourcesBuildPhase section */

/* Begin PBXSourcesBuildPhase section */
		9ECA2C0229D071E200B698D9 /* Sources */ = {
			isa = PBXSourcesBuildPhase;
			buildActionMask = 2147483647;
			files = (
				9ECA2C1329D071E400B698D9 /* Persistence.swift in Sources */,
				9E6955D629D61C9000F71AF7 /* MenuView.swift in Sources */,
				9ECFACE929D10FB600EAB70A /* HomeView.swift in Sources */,
				9E6955D829D6248500F71AF7 /* Styles.swift in Sources */,
				9E9219CC29D5EB0400CA7857 /* MenuData.swift in Sources */,
				9ECA2C1629D071E400B698D9 /* LittleLemon.xcdatamodeld in Sources */,
				9ECA2C0C29D071E200B698D9 /* ContentView.swift in Sources */,
				9ECA2C0A29D071E200B698D9 /* LittleLemonApp.swift in Sources */,
				9E6955DA29D638F700F71AF7 /* LoginViewModel.swift in Sources */,
				9ECFACED29D12F8E00EAB70A /* ProfileTab.swift in Sources */,
				9E9219CA29D5EAD600CA7857 /* MenuTab.swift in Sources */,
				9ECFACE029D0DAB900EAB70A /* RegistrationView.swift in Sources */,
			);
			runOnlyForDeploymentPostprocessing = 0;
		};
		9ECA2C1729D071E500B698D9 /* Sources */ = {
			isa = PBXSourcesBuildPhase;
			buildActionMask = 2147483647;
			files = (
				9ECA2C2029D071E500B698D9 /* LittleLemonTests.swift in Sources */,
			);
			runOnlyForDeploymentPostprocessing = 0;
		};
		9ECA2C2129D071E500B698D9 /* Sources */ = {
			isa = PBXSourcesBuildPhase;
			buildActionMask = 2147483647;
			files = (
				9ECA2C2C29D071E500B698D9 /* LittleLemonUITestsLaunchTests.swift in Sources */,
				9ECA2C2A29D071E500B698D9 /* LittleLemonUITests.swift in Sources */,
			);
			runOnlyForDeploymentPostprocessing = 0;
		};
/* End PBXSourcesBuildPhase section */

/* Begin PBXTargetDependency section */
		9ECA2C1D29D071E500B698D9 /* PBXTargetDependency */ = {
			isa = PBXTargetDependency;
			target = 9ECA2C0529D071E200B698D9 /* LittleLemon */;
			targetProxy = 9ECA2C1C29D071E500B698D9 /* PBXContainerItemProxy */;
		};
		9ECA2C2729D071E500B698D9 /* PBXTargetDependency */ = {
			isa = PBXTargetDependency;
			target = 9ECA2C0529D071E200B698D9 /* LittleLemon */;
			targetProxy = 9ECA2C2629D071E500B698D9 /* PBXContainerItemProxy */;
		};
/* End PBXTargetDependency section */

/* Begin XCBuildConfiguration section */
		9ECA2C2D29D071E500B698D9 /* Debug */ = {
			isa = XCBuildConfiguration;
			buildSettings = {
				ALWAYS_SEARCH_USER_PATHS = NO;
				CLANG_ANALYZER_NONNULL = YES;
				CLANG_ANALYZER_NUMBER_OBJECT_CONVERSION = YES_AGGRESSIVE;
				CLANG_CXX_LANGUAGE_STANDARD = "gnu++20";
				CLANG_ENABLE_MODULES = YES;
				CLANG_ENABLE_OBJC_ARC = YES;
				CLANG_ENABLE_OBJC_WEAK = YES;
				CLANG_WARN_BLOCK_CAPTURE_AUTORELEASING = YES;
				CLANG_WARN_BOOL_CONVERSION = YES;
				CLANG_WARN_COMMA = YES;
				CLANG_WARN_CONSTANT_CONVERSION = YES;
				CLANG_WARN_DEPRECATED_OBJC_IMPLEMENTATIONS = YES;
				CLANG_WARN_DIRECT_OBJC_ISA_USAGE = YES_ERROR;
				CLANG_WARN_DOCUMENTATION_COMMENTS = YES;
				CLANG_WARN_EMPTY_BODY = YES;
				CLANG_WARN_ENUM_CONVERSION = YES;
				CLANG_WARN_INFINITE_RECURSION = YES;
				CLANG_WARN_INT_CONVERSION = YES;
				CLANG_WARN_NON_LITERAL_NULL_CONVERSION = YES;
				CLANG_WARN_OBJC_IMPLICIT_RETAIN_SELF = YES;
				CLANG_WARN_OBJC_LITERAL_CONVERSION = YES;
				CLANG_WARN_OBJC_ROOT_CLASS = YES_ERROR;
				CLANG_WARN_QUOTED_INCLUDE_IN_FRAMEWORK_HEADER = YES;
				CLANG_WARN_RANGE_LOOP_ANALYSIS = YES;
				CLANG_WARN_STRICT_PROTOTYPES = YES;
				CLANG_WARN_SUSPICIOUS_MOVE = YES;
				CLANG_WARN_UNGUARDED_AVAILABILITY = YES_AGGRESSIVE;
				CLANG_WARN_UNREACHABLE_CODE = YES;
				CLANG_WARN__DUPLICATE_METHOD_MATCH = YES;
				COPY_PHASE_STRIP = NO;
				DEBUG_INFORMATION_FORMAT = dwarf;
				ENABLE_STRICT_OBJC_MSGSEND = YES;
				ENABLE_TESTABILITY = YES;
				GCC_C_LANGUAGE_STANDARD = gnu11;
				GCC_DYNAMIC_NO_PIC = NO;
				GCC_NO_COMMON_BLOCKS = YES;
				GCC_OPTIMIZATION_LEVEL = 0;
				GCC_PREPROCESSOR_DEFINITIONS = (
					"DEBUG=1",
					"$(inherited)",
				);
				GCC_WARN_64_TO_32_BIT_CONVERSION = YES;
				GCC_WARN_ABOUT_RETURN_TYPE = YES_ERROR;
				GCC_WARN_UNDECLARED_SELECTOR = YES;
				GCC_WARN_UNINITIALIZED_AUTOS = YES_AGGRESSIVE;
				GCC_WARN_UNUSED_FUNCTION = YES;
				GCC_WARN_UNUSED_VARIABLE = YES;
				IPHONEOS_DEPLOYMENT_TARGET = 16.2;
				MTL_ENABLE_DEBUG_INFO = INCLUDE_SOURCE;
				MTL_FAST_MATH = YES;
				ONLY_ACTIVE_ARCH = YES;
				SDKROOT = iphoneos;
				SWIFT_ACTIVE_COMPILATION_CONDITIONS = DEBUG;
				SWIFT_OPTIMIZATION_LEVEL = "-Onone";
			};
			name = Debug;
		};
		9ECA2C2E29D071E500B698D9 /* Release */ = {
			isa = XCBuildConfiguration;
			buildSettings = {
				ALWAYS_SEARCH_USER_PATHS = NO;
				CLANG_ANALYZER_NONNULL = YES;
				CLANG_ANALYZER_NUMBER_OBJECT_CONVERSION = YES_AGGRESSIVE;
				CLANG_CXX_LANGUAGE_STANDARD = "gnu++20";
				CLANG_ENABLE_MODULES = YES;
				CLANG_ENABLE_OBJC_ARC = YES;
				CLANG_ENABLE_OBJC_WEAK = YES;
				CLANG_WARN_BLOCK_CAPTURE_AUTORELEASING = YES;
				CLANG_WARN_BOOL_CONVERSION = YES;
				CLANG_WARN_COMMA = YES;
				CLANG_WARN_CONSTANT_CONVERSION = YES;
				CLANG_WARN_DEPRECATED_OBJC_IMPLEMENTATIONS = YES;
				CLANG_WARN_DIRECT_OBJC_ISA_USAGE = YES_ERROR;
				CLANG_WARN_DOCUMENTATION_COMMENTS = YES;
				CLANG_WARN_EMPTY_BODY = YES;
				CLANG_WARN_ENUM_CONVERSION = YES;
				CLANG_WARN_INFINITE_RECURSION = YES;
				CLANG_WARN_INT_CONVERSION = YES;
				CLANG_WARN_NON_LITERAL_NULL_CONVERSION = YES;
				CLANG_WARN_OBJC_IMPLICIT_RETAIN_SELF = YES;
				CLANG_WARN_OBJC_LITERAL_CONVERSION = YES;
				CLANG_WARN_OBJC_ROOT_CLASS = YES_ERROR;
				CLANG_WARN_QUOTED_INCLUDE_IN_FRAMEWORK_HEADER = YES;
				CLANG_WARN_RANGE_LOOP_ANALYSIS = YES;
				CLANG_WARN_STRICT_PROTOTYPES = YES;
				CLANG_WARN_SUSPICIOUS_MOVE = YES;
				CLANG_WARN_UNGUARDED_AVAILABILITY = YES_AGGRESSIVE;
				CLANG_WARN_UNREACHABLE_CODE = YES;
				CLANG_WARN__DUPLICATE_METHOD_MATCH = YES;
				COPY_PHASE_STRIP = NO;
				DEBUG_INFORMATION_FORMAT = "dwarf-with-dsym";
				ENABLE_NS_ASSERTIONS = NO;
				ENABLE_STRICT_OBJC_MSGSEND = YES;
				GCC_C_LANGUAGE_STANDARD = gnu11;
				GCC_NO_COMMON_BLOCKS = YES;
				GCC_WARN_64_TO_32_BIT_CONVERSION = YES;
				GCC_WARN_ABOUT_RETURN_TYPE = YES_ERROR;
				GCC_WARN_UNDECLARED_SELECTOR = YES;
				GCC_WARN_UNINITIALIZED_AUTOS = YES_AGGRESSIVE;
				GCC_WARN_UNUSED_FUNCTION = YES;
				GCC_WARN_UNUSED_VARIABLE = YES;
				IPHONEOS_DEPLOYMENT_TARGET = 16.2;
				MTL_ENABLE_DEBUG_INFO = NO;
				MTL_FAST_MATH = YES;
				SDKROOT = iphoneos;
				SWIFT_COMPILATION_MODE = wholemodule;
				SWIFT_OPTIMIZATION_LEVEL = "-O";
				VALIDATE_PRODUCT = YES;
			};
			name = Release;
		};
		9ECA2C3029D071E500B698D9 /* Debug */ = {
			isa = XCBuildConfiguration;
			buildSettings = {
				ASSETCATALOG_COMPILER_APPICON_NAME = AppIcon;
				ASSETCATALOG_COMPILER_GLOBAL_ACCENT_COLOR_NAME = AccentColor;
				CODE_SIGN_STYLE = Automatic;
				CURRENT_PROJECT_VERSION = 1;
				DEVELOPMENT_ASSET_PATHS = "\"LittleLemon/Preview Content\"";
				DEVELOPMENT_TEAM = K9KVK3E2NT;
				ENABLE_PREVIEWS = YES;
				GENERATE_INFOPLIST_FILE = YES;
				INFOPLIST_KEY_UIApplicationSceneManifest_Generation = YES;
				INFOPLIST_KEY_UIApplicationSupportsIndirectInputEvents = YES;
				INFOPLIST_KEY_UILaunchScreen_Generation = YES;
				INFOPLIST_KEY_UISupportedInterfaceOrientations_iPad = "UIInterfaceOrientationPortrait UIInterfaceOrientationPortraitUpsideDown UIInterfaceOrientationLandscapeLeft UIInterfaceOrientationLandscapeRight";
				INFOPLIST_KEY_UISupportedInterfaceOrientations_iPhone = "UIInterfaceOrientationPortrait UIInterfaceOrientationLandscapeLeft UIInterfaceOrientationLandscapeRight";
				LD_RUNPATH_SEARCH_PATHS = (
					"$(inherited)",
					"@executable_path/Frameworks",
				);
				MARKETING_VERSION = 1.0;
				PRODUCT_BUNDLE_IDENTIFIER = com.abdelrahman.LittleLemon;
				PRODUCT_NAME = "$(TARGET_NAME)";
				SWIFT_EMIT_LOC_STRINGS = YES;
				SWIFT_VERSION = 5.0;
				TARGETED_DEVICE_FAMILY = "1,2";
			};
			name = Debug;
		};
		9ECA2C3129D071E500B698D9 /* Release */ = {
			isa = XCBuildConfiguration;
			buildSettings = {
				ASSETCATALOG_COMPILER_APPICON_NAME = AppIcon;
				ASSETCATALOG_COMPILER_GLOBAL_ACCENT_COLOR_NAME = AccentColor;
				CODE_SIGN_STYLE = Automatic;
				CURRENT_PROJECT_VERSION = 1;
				DEVELOPMENT_ASSET_PATHS = "\"LittleLemon/Preview Content\"";
				DEVELOPMENT_TEAM = K9KVK3E2NT;
				ENABLE_PREVIEWS = YES;
				GENERATE_INFOPLIST_FILE = YES;
				INFOPLIST_KEY_UIApplicationSceneManifest_Generation = YES;
				INFOPLIST_KEY_UIApplicationSupportsIndirectInputEvents = YES;
				INFOPLIST_KEY_UILaunchScreen_Generation = YES;
				INFOPLIST_KEY_UISupportedInterfaceOrientations_iPad = "UIInterfaceOrientationPortrait UIInterfaceOrientationPortraitUpsideDown UIInterfaceOrientationLandscapeLeft UIInterfaceOrientationLandscapeRight";
				INFOPLIST_KEY_UISupportedInterfaceOrientations_iPhone = "UIInterfaceOrientationPortrait UIInterfaceOrientationLandscapeLeft UIInterfaceOrientationLandscapeRight";
				LD_RUNPATH_SEARCH_PATHS = (
					"$(inherited)",
					"@executable_path/Frameworks",
				);
				MARKETING_VERSION = 1.0;
				PRODUCT_BUNDLE_IDENTIFIER = com.abdelrahman.LittleLemon;
				PRODUCT_NAME = "$(TARGET_NAME)";
				SWIFT_EMIT_LOC_STRINGS = YES;
				SWIFT_VERSION = 5.0;
				TARGETED_DEVICE_FAMILY = "1,2";
			};
			name = Release;
		};
		9ECA2C3329D071E500B698D9 /* Debug */ = {
			isa = XCBuildConfiguration;
			buildSettings = {
				ALWAYS_EMBED_SWIFT_STANDARD_LIBRARIES = YES;
				BUNDLE_LOADER = "$(TEST_HOST)";
				CODE_SIGN_STYLE = Automatic;
				CURRENT_PROJECT_VERSION = 1;
				DEVELOPMENT_TEAM = K9KVK3E2NT;
				GENERATE_INFOPLIST_FILE = YES;
				IPHONEOS_DEPLOYMENT_TARGET = 16.2;
				MARKETING_VERSION = 1.0;
				PRODUCT_BUNDLE_IDENTIFIER = com.abdelrahman.LittleLemonTests;
				PRODUCT_NAME = "$(TARGET_NAME)";
				SWIFT_EMIT_LOC_STRINGS = NO;
				SWIFT_VERSION = 5.0;
				TARGETED_DEVICE_FAMILY = "1,2";
				TEST_HOST = "$(BUILT_PRODUCTS_DIR)/LittleLemon.app/$(BUNDLE_EXECUTABLE_FOLDER_PATH)/LittleLemon";
			};
			name = Debug;
		};
		9ECA2C3429D071E500B698D9 /* Release */ = {
			isa = XCBuildConfiguration;
			buildSettings = {
				ALWAYS_EMBED_SWIFT_STANDARD_LIBRARIES = YES;
				BUNDLE_LOADER = "$(TEST_HOST)";
				CODE_SIGN_STYLE = Automatic;
				CURRENT_PROJECT_VERSION = 1;
				DEVELOPMENT_TEAM = K9KVK3E2NT;
				GENERATE_INFOPLIST_FILE = YES;
				IPHONEOS_DEPLOYMENT_TARGET = 16.2;
				MARKETING_VERSION = 1.0;
				PRODUCT_BUNDLE_IDENTIFIER = com.abdelrahman.LittleLemonTests;
				PRODUCT_NAME = "$(TARGET_NAME)";
				SWIFT_EMIT_LOC_STRINGS = NO;
				SWIFT_VERSION = 5.0;
				TARGETED_DEVICE_FAMILY = "1,2";
				TEST_HOST = "$(BUILT_PRODUCTS_DIR)/LittleLemon.app/$(BUNDLE_EXECUTABLE_FOLDER_PATH)/LittleLemon";
			};
			name = Release;
		};
		9ECA2C3629D071E500B698D9 /* Debug */ = {
			isa = XCBuildConfiguration;
			buildSettings = {
				ALWAYS_EMBED_SWIFT_STANDARD_LIBRARIES = YES;
				CODE_SIGN_STYLE = Automatic;
				CURRENT_PROJECT_VERSION = 1;
				DEVELOPMENT_TEAM = K9KVK3E2NT;
				GENERATE_INFOPLIST_FILE = YES;
				MARKETING_VERSION = 1.0;
				PRODUCT_BUNDLE_IDENTIFIER = com.abdelrahman.LittleLemonUITests;
				PRODUCT_NAME = "$(TARGET_NAME)";
				SWIFT_EMIT_LOC_STRINGS = NO;
				SWIFT_VERSION = 5.0;
				TARGETED_DEVICE_FAMILY = "1,2";
				TEST_TARGET_NAME = LittleLemon;
			};
			name = Debug;
		};
		9ECA2C3729D071E500B698D9 /* Release */ = {
			isa = XCBuildConfiguration;
			buildSettings = {
				ALWAYS_EMBED_SWIFT_STANDARD_LIBRARIES = YES;
				CODE_SIGN_STYLE = Automatic;
				CURRENT_PROJECT_VERSION = 1;
				DEVELOPMENT_TEAM = K9KVK3E2NT;
				GENERATE_INFOPLIST_FILE = YES;
				MARKETING_VERSION = 1.0;
				PRODUCT_BUNDLE_IDENTIFIER = com.abdelrahman.LittleLemonUITests;
				PRODUCT_NAME = "$(TARGET_NAME)";
				SWIFT_EMIT_LOC_STRINGS = NO;
				SWIFT_VERSION = 5.0;
				TARGETED_DEVICE_FAMILY = "1,2";
				TEST_TARGET_NAME = LittleLemon;
			};
			name = Release;
		};
/* End XCBuildConfiguration section */

/* Begin XCConfigurationList section */
		9ECA2C0129D071E200B698D9 /* Build configuration list for PBXProject "LittleLemon" */ = {
			isa = XCConfigurationList;
			buildConfigurations = (
				9ECA2C2D29D071E500B698D9 /* Debug */,
				9ECA2C2E29D071E500B698D9 /* Release */,
			);
			defaultConfigurationIsVisible = 0;
			defaultConfigurationName = Release;
		};
		9ECA2C2F29D071E500B698D9 /* Build configuration list for PBXNativeTarget "LittleLemon" */ = {
			isa = XCConfigurationList;
			buildConfigurations = (
				9ECA2C3029D071E500B698D9 /* Debug */,
				9ECA2C3129D071E500B698D9 /* Release */,
			);
			defaultConfigurationIsVisible = 0;
			defaultConfigurationName = Release;
		};
		9ECA2C3229D071E500B698D9 /* Build configuration list for PBXNativeTarget "LittleLemonTests" */ = {
			isa = XCConfigurationList;
			buildConfigurations = (
				9ECA2C3329D071E500B698D9 /* Debug */,
				9ECA2C3429D071E500B698D9 /* Release */,
			);
			defaultConfigurationIsVisible = 0;
			defaultConfigurationName = Release;
		};
		9ECA2C3529D071E500B698D9 /* Build configuration list for PBXNativeTarget "LittleLemonUITests" */ = {
			isa = XCConfigurationList;
			buildConfigurations = (
				9ECA2C3629D071E500B698D9 /* Debug */,
				9ECA2C3729D071E500B698D9 /* Release */,
			);
			defaultConfigurationIsVisible = 0;
			defaultConfigurationName = Release;
		};
/* End XCConfigurationList section */

/* Begin XCVersionGroup section */
		9ECA2C1429D071E400B698D9 /* LittleLemon.xcdatamodeld */ = {
			isa = XCVersionGroup;
			children = (
				9ECA2C1529D071E400B698D9 /* LittleLemon.xcdatamodel */,
			);
			currentVersion = 9ECA2C1529D071E400B698D9 /* LittleLemon.xcdatamodel */;
			path = LittleLemon.xcdatamodeld;
			sourceTree = "<group>";
			versionGroupType = wrapper.xcdatamodel;
		};
/* End XCVersionGroup section */
	};
	rootObject = 9ECA2BFE29D071E200B698D9 /* Project object */;
}
